<?xml version="1.0" encoding="UTF-8"?>
<!DOCTYPE plist PUBLIC "-//Apple//DTD PLIST 1.0//EN" "http://www.apple.com/DTDs/PropertyList-1.0.dtd">
<plist version="1.0">
<dict>
	<key>archiveVersion</key>
	<string>1</string>
	<key>classes</key>
	<dict/>
	<key>objectVersion</key>
	<string>46</string>
	<key>objects</key>
	<dict>
		<key>179C376E1680823BD3CD6D93</key>
		<dict>
			<key>children</key>
			<array>
				<string>BF3494AEFE5ED1084BE0106A</string>
				<string>68A03EE1F918A0FC4A28FF5B</string>
				<string>9CD90A1E01D8CCADB99D41D5</string>
			</array>
			<key>isa</key>
			<string>PBXGroup</string>
			<key>name</key>
			<string>Frameworks</string>
			<key>sourceTree</key>
			<string>&lt;group&gt;</string>
		</dict>
		<key>18A9A20A826D3F828902C0B5</key>
		<dict>
			<key>buildActionMask</key>
			<string>2147483647</string>
			<key>files</key>
			<array/>
			<key>inputPaths</key>
			<array/>
			<key>isa</key>
			<string>PBXShellScriptBuildPhase</string>
			<key>name</key>
			<string>[CP] Check Pods Manifest.lock</string>
			<key>outputPaths</key>
			<array/>
			<key>runOnlyForDeploymentPostprocessing</key>
			<string>0</string>
			<key>shellPath</key>
			<string>/bin/sh</string>
			<key>shellScript</key>
			<string>diff "${PODS_ROOT}/../Podfile.lock" "${PODS_ROOT}/Manifest.lock" &gt; /dev/null
if [ $? != 0 ] ; then
    # print error to STDERR
    echo "error: The sandbox is not in sync with the Podfile.lock. Run 'pod install' or update your CocoaPods installation." &gt;&amp;2
    exit 1
fi
</string>
			<key>showEnvVarsInLog</key>
			<string>0</string>
		</dict>
		<key>3163E6C3500BF8D46607F0D2</key>
		<dict>
			<key>includeInIndex</key>
			<string>1</string>
			<key>isa</key>
			<string>PBXFileReference</string>
			<key>lastKnownFileType</key>
			<string>text.xcconfig</string>
			<key>name</key>
			<string>Pods-WHMusicPlayerTests.debug.xcconfig</string>
			<key>path</key>
			<string>Pods/Target Support Files/Pods-WHMusicPlayerTests/Pods-WHMusicPlayerTests.debug.xcconfig</string>
			<key>sourceTree</key>
			<string>&lt;group&gt;</string>
		</dict>
		<key>3B111FC4A6D70B1052096F56</key>
		<dict>
			<key>buildActionMask</key>
			<string>2147483647</string>
			<key>files</key>
			<array/>
			<key>inputPaths</key>
			<array/>
			<key>isa</key>
			<string>PBXShellScriptBuildPhase</string>
			<key>name</key>
			<string>[CP] Copy Pods Resources</string>
			<key>outputPaths</key>
			<array/>
			<key>runOnlyForDeploymentPostprocessing</key>
			<string>0</string>
			<key>shellPath</key>
			<string>/bin/sh</string>
			<key>shellScript</key>
			<string>"${SRCROOT}/Pods/Target Support Files/Pods-WHMusicPlayerUITests/Pods-WHMusicPlayerUITests-resources.sh"
</string>
			<key>showEnvVarsInLog</key>
			<string>0</string>
		</dict>
		<key>3D10352BC87AEA87A90F942C</key>
		<dict>
			<key>includeInIndex</key>
			<string>1</string>
			<key>isa</key>
			<string>PBXFileReference</string>
			<key>lastKnownFileType</key>
			<string>text.xcconfig</string>
			<key>name</key>
			<string>Pods-WHMusicPlayerUITests.release.xcconfig</string>
			<key>path</key>
			<string>Pods/Target Support Files/Pods-WHMusicPlayerUITests/Pods-WHMusicPlayerUITests.release.xcconfig</string>
			<key>sourceTree</key>
			<string>&lt;group&gt;</string>
		</dict>
		<key>4214D48C1CD01825001BCBDB</key>
		<dict>
			<key>fileEncoding</key>
			<string>4</string>
			<key>isa</key>
			<string>PBXFileReference</string>
			<key>lastKnownFileType</key>
			<string>sourcecode.c.h</string>
			<key>path</key>
			<string>NSDictionary+QueryStringBuilder.h</string>
			<key>sourceTree</key>
			<string>&lt;group&gt;</string>
		</dict>
		<key>4214D48D1CD01825001BCBDB</key>
		<dict>
			<key>fileEncoding</key>
			<string>4</string>
			<key>isa</key>
			<string>PBXFileReference</string>
			<key>lastKnownFileType</key>
			<string>sourcecode.c.objc</string>
			<key>path</key>
			<string>NSDictionary+QueryStringBuilder.m</string>
			<key>sourceTree</key>
			<string>&lt;group&gt;</string>
		</dict>
		<key>4214D48E1CD01825001BCBDB</key>
		<dict>
			<key>fileRef</key>
			<string>4214D48D1CD01825001BCBDB</string>
			<key>isa</key>
			<string>PBXBuildFile</string>
		</dict>
		<key>4214D4961CD141BD001BCBDB</key>
		<dict>
			<key>fileEncoding</key>
			<string>4</string>
			<key>isa</key>
			<string>PBXFileReference</string>
			<key>lastKnownFileType</key>
			<string>sourcecode.c.h</string>
			<key>path</key>
			<string>SoundCloudSearchTableViewController.h</string>
			<key>sourceTree</key>
			<string>&lt;group&gt;</string>
		</dict>
		<key>4214D4971CD141BD001BCBDB</key>
		<dict>
			<key>fileEncoding</key>
			<string>4</string>
			<key>isa</key>
			<string>PBXFileReference</string>
			<key>lastKnownFileType</key>
			<string>sourcecode.c.objc</string>
			<key>path</key>
			<string>SoundCloudSearchTableViewController.m</string>
			<key>sourceTree</key>
			<string>&lt;group&gt;</string>
		</dict>
		<key>4214D4981CD141BD001BCBDB</key>
		<dict>
			<key>fileRef</key>
			<string>4214D4971CD141BD001BCBDB</string>
			<key>isa</key>
			<string>PBXBuildFile</string>
		</dict>
		<key>4214D4991CD180AF001BCBDB</key>
		<dict>
			<key>fileEncoding</key>
			<string>4</string>
			<key>isa</key>
			<string>PBXFileReference</string>
			<key>lastKnownFileType</key>
			<string>sourcecode.c.h</string>
			<key>path</key>
			<string>SoundCloud+Helper.h</string>
			<key>sourceTree</key>
			<string>&lt;group&gt;</string>
		</dict>
		<key>4214D49A1CD180AF001BCBDB</key>
		<dict>
			<key>fileEncoding</key>
			<string>4</string>
			<key>isa</key>
			<string>PBXFileReference</string>
			<key>lastKnownFileType</key>
			<string>sourcecode.c.objc</string>
			<key>path</key>
			<string>SoundCloud+Helper.m</string>
			<key>sourceTree</key>
			<string>&lt;group&gt;</string>
		</dict>
		<key>4214D49B1CD180AF001BCBDB</key>
		<dict>
			<key>fileRef</key>
			<string>4214D49A1CD180AF001BCBDB</string>
			<key>isa</key>
			<string>PBXBuildFile</string>
		</dict>
		<key>42222C5C1C7BE8B200198A35</key>
		<dict>
			<key>buildActionMask</key>
			<string>2147483647</string>
			<key>files</key>
			<array/>
			<key>inputPaths</key>
			<array/>
			<key>isa</key>
			<string>PBXShellScriptBuildPhase</string>
			<key>outputPaths</key>
			<array/>
			<key>runOnlyForDeploymentPostprocessing</key>
			<string>0</string>
			<key>shellPath</key>
			<string>/bin/sh</string>
			<key>shellScript</key>
			<string>"${PODS_ROOT}/Fabric/run" 69c732008bb763dc175fceac9b9955f065717678 6c0c5d404ac1260a1fbe0eb61b8c0dabde9fb80fe5f93525b3762d9c5374bc7e</string>
		</dict>
		<key>4227D3DA1C78541600A71342</key>
		<dict>
			<key>fileEncoding</key>
			<string>4</string>
			<key>isa</key>
			<string>PBXFileReference</string>
			<key>lastKnownFileType</key>
			<string>sourcecode.c.h</string>
			<key>path</key>
			<string>AccountTableViewController.h</string>
			<key>sourceTree</key>
			<string>&lt;group&gt;</string>
		</dict>
		<key>4227D3DB1C78541600A71342</key>
		<dict>
			<key>fileEncoding</key>
			<string>4</string>
			<key>isa</key>
			<string>PBXFileReference</string>
			<key>lastKnownFileType</key>
			<string>sourcecode.c.objc</string>
			<key>path</key>
			<string>AccountTableViewController.m</string>
			<key>sourceTree</key>
			<string>&lt;group&gt;</string>
		</dict>
		<key>4227D3DC1C78541600A71342</key>
		<dict>
			<key>fileRef</key>
			<string>4227D3DB1C78541600A71342</string>
			<key>isa</key>
			<string>PBXBuildFile</string>
		</dict>
		<key>422A68F41CD963B50037A02C</key>
		<dict>
			<key>fileEncoding</key>
			<string>4</string>
			<key>isa</key>
			<string>PBXFileReference</string>
			<key>lastKnownFileType</key>
			<string>sourcecode.c.h</string>
			<key>path</key>
			<string>AVPlayerItem+Helper.h</string>
			<key>sourceTree</key>
			<string>&lt;group&gt;</string>
		</dict>
		<key>422A68F51CD963B50037A02C</key>
		<dict>
			<key>fileEncoding</key>
			<string>4</string>
			<key>isa</key>
			<string>PBXFileReference</string>
			<key>lastKnownFileType</key>
			<string>sourcecode.c.objc</string>
			<key>path</key>
			<string>AVPlayerItem+Helper.m</string>
			<key>sourceTree</key>
			<string>&lt;group&gt;</string>
		</dict>
		<key>422A68F61CD963B50037A02C</key>
		<dict>
			<key>fileRef</key>
			<string>422A68F51CD963B50037A02C</string>
			<key>isa</key>
			<string>PBXBuildFile</string>
		</dict>
		<key>4241C5901C77A7D50031F2A9</key>
		<dict>
			<key>children</key>
			<array>
				<string>4241C5DB1C77B87C0031F2A9</string>
				<string>4241C5D91C77B7360031F2A9</string>
				<string>4241C59B1C77A7D50031F2A9</string>
				<string>4241C5B51C77A7D50031F2A9</string>
				<string>4241C5C01C77A7D50031F2A9</string>
				<string>4241C59A1C77A7D50031F2A9</string>
				<string>D0D497D61B853D1F61DDA1D0</string>
				<string>179C376E1680823BD3CD6D93</string>
			</array>
			<key>isa</key>
			<string>PBXGroup</string>
			<key>sourceTree</key>
			<string>&lt;group&gt;</string>
		</dict>
		<key>4241C5911C77A7D50031F2A9</key>
		<dict>
			<key>attributes</key>
			<dict>
				<key>LastUpgradeCheck</key>
				<string>0720</string>
				<key>ORGANIZATIONNAME</key>
				<string>Ken Lauguico</string>
				<key>TargetAttributes</key>
				<dict>
					<key>4241C5981C77A7D50031F2A9</key>
					<dict>
						<key>CreatedOnToolsVersion</key>
						<string>7.2.1</string>
						<key>DevelopmentTeam</key>
						<string>S48TUT94GU</string>
						<key>SystemCapabilities</key>
						<dict>
							<key>com.apple.BackgroundModes</key>
							<dict>
								<key>enabled</key>
								<string>1</string>
							</dict>
						</dict>
					</dict>
					<key>4241C5B11C77A7D50031F2A9</key>
					<dict>
						<key>CreatedOnToolsVersion</key>
						<string>7.2.1</string>
						<key>TestTargetID</key>
						<string>4241C5981C77A7D50031F2A9</string>
					</dict>
					<key>4241C5BC1C77A7D50031F2A9</key>
					<dict>
						<key>CreatedOnToolsVersion</key>
						<string>7.2.1</string>
						<key>TestTargetID</key>
						<string>4241C5981C77A7D50031F2A9</string>
					</dict>
				</dict>
			</dict>
			<key>buildConfigurationList</key>
			<string>4241C5941C77A7D50031F2A9</string>
			<key>compatibilityVersion</key>
			<string>Xcode 3.2</string>
			<key>developmentRegion</key>
			<string>English</string>
			<key>hasScannedForEncodings</key>
			<string>0</string>
			<key>isa</key>
			<string>PBXProject</string>
			<key>knownRegions</key>
			<array>
				<string>en</string>
				<string>Base</string>
			</array>
			<key>mainGroup</key>
			<string>4241C5901C77A7D50031F2A9</string>
			<key>productRefGroup</key>
			<string>4241C59A1C77A7D50031F2A9</string>
			<key>projectDirPath</key>
			<string></string>
			<key>projectReferences</key>
			<array/>
			<key>projectRoot</key>
			<string></string>
			<key>targets</key>
			<array>
				<string>4241C5981C77A7D50031F2A9</string>
				<string>4241C5B11C77A7D50031F2A9</string>
				<string>4241C5BC1C77A7D50031F2A9</string>
			</array>
		</dict>
		<key>4241C5941C77A7D50031F2A9</key>
		<dict>
			<key>buildConfigurations</key>
			<array>
				<string>4241C5C41C77A7D50031F2A9</string>
				<string>4241C5C51C77A7D50031F2A9</string>
			</array>
			<key>defaultConfigurationIsVisible</key>
			<string>0</string>
			<key>defaultConfigurationName</key>
			<string>Release</string>
			<key>isa</key>
			<string>XCConfigurationList</string>
		</dict>
		<key>4241C5951C77A7D50031F2A9</key>
		<dict>
			<key>buildActionMask</key>
			<string>2147483647</string>
			<key>files</key>
			<array>
				<string>4241C5ED1C77C0BC0031F2A9</string>
				<string>422A68F61CD963B50037A02C</string>
				<string>4241C6011C77C1790031F2A9</string>
				<string>4241C5D71C77B0D00031F2A9</string>
				<string>4227D3DC1C78541600A71342</string>
				<string>4241C5F51C77C0CB0031F2A9</string>
				<string>4241C5A11C77A7D50031F2A9</string>
				<string>428723EC1CDD713A00FE10D0</string>
				<string>4214D48E1CD01825001BCBDB</string>
				<string>428723E91CDD339E00FE10D0</string>
				<string>428723E21CDBE97700FE10D0</string>
				<string>428723EF1CDD72BA00FE10D0</string>
				<string>4241C5EE1C77C0BC0031F2A9</string>
				<string>428723E61CDD298700FE10D0</string>
				<string>42FA92C81CCED96C006819A1</string>
				<string>4241C60B1C77C4FD0031F2A9</string>
				<string>4241C5FB1C77C0FF0031F2A9</string>
				<string>4241C5EF1C77C0BC0031F2A9</string>
				<string>426C5C971CCEE5CE00D85B24</string>
				<string>4214D49B1CD180AF001BCBDB</string>
				<string>4241C59E1C77A7D50031F2A9</string>
				<string>4241C5F81C77C0F10031F2A9</string>
				<string>4214D4981CD141BD001BCBDB</string>
				<string>4241C5EC1C77C0BC0031F2A9</string>
				<string>4241C5F41C77C0CB0031F2A9</string>
				<string>4241C6091C77C4FD0031F2A9</string>
			</array>
			<key>isa</key>
			<string>PBXSourcesBuildPhase</string>
			<key>runOnlyForDeploymentPostprocessing</key>
			<string>0</string>
		</dict>
		<key>4241C5961C77A7D50031F2A9</key>
		<dict>
			<key>buildActionMask</key>
			<string>2147483647</string>
			<key>files</key>
			<array>
				<string>4241C5DA1C77B7360031F2A9</string>
				<string>4241C5DC1C77B87C0031F2A9</string>
				<string>953432DE11F3BFA27A1DF5F4</string>
			</array>
			<key>isa</key>
			<string>PBXFrameworksBuildPhase</string>
			<key>runOnlyForDeploymentPostprocessing</key>
			<string>0</string>
		</dict>
		<key>4241C5971C77A7D50031F2A9</key>
		<dict>
			<key>buildActionMask</key>
			<string>2147483647</string>
			<key>files</key>
			<array>
				<string>4241C5AC1C77A7D50031F2A9</string>
				<string>4241C60C1C77C4FD0031F2A9</string>
				<string>4241C5A91C77A7D50031F2A9</string>
				<string>4241C5EA1C77C0BC0031F2A9</string>
				<string>4241C5A71C77A7D50031F2A9</string>
				<string>4241C5EB1C77C0BC0031F2A9</string>
				<string>4241C60A1C77C4FD0031F2A9</string>
			</array>
			<key>isa</key>
			<string>PBXResourcesBuildPhase</string>
			<key>runOnlyForDeploymentPostprocessing</key>
			<string>0</string>
		</dict>
		<key>4241C5981C77A7D50031F2A9</key>
		<dict>
			<key>buildConfigurationList</key>
			<string>4241C5C61C77A7D50031F2A9</string>
			<key>buildPhases</key>
			<array>
				<string>98C744758159790508F4240B</string>
				<string>4241C5951C77A7D50031F2A9</string>
				<string>4241C5961C77A7D50031F2A9</string>
				<string>4241C5971C77A7D50031F2A9</string>
				<string>EA5BF54F50C0BBF2300BF11B</string>
				<string>44F2B0576C019D645C863CC2</string>
				<string>42222C5C1C7BE8B200198A35</string>
			</array>
			<key>buildRules</key>
			<array/>
			<key>dependencies</key>
			<array/>
			<key>isa</key>
			<string>PBXNativeTarget</string>
			<key>name</key>
			<string>WHMusicPlayer</string>
			<key>productName</key>
			<string>WHMusicPlayer</string>
			<key>productReference</key>
			<string>4241C5991C77A7D50031F2A9</string>
			<key>productType</key>
			<string>com.apple.product-type.application</string>
		</dict>
		<key>4241C5991C77A7D50031F2A9</key>
		<dict>
			<key>explicitFileType</key>
			<string>wrapper.application</string>
			<key>includeInIndex</key>
			<string>0</string>
			<key>isa</key>
			<string>PBXFileReference</string>
			<key>path</key>
			<string>WHMusicPlayer.app</string>
			<key>sourceTree</key>
			<string>BUILT_PRODUCTS_DIR</string>
		</dict>
		<key>4241C59A1C77A7D50031F2A9</key>
		<dict>
			<key>children</key>
			<array>
				<string>4241C5991C77A7D50031F2A9</string>
				<string>4241C5B21C77A7D50031F2A9</string>
				<string>4241C5BD1C77A7D50031F2A9</string>
			</array>
			<key>isa</key>
			<string>PBXGroup</string>
			<key>name</key>
			<string>Products</string>
			<key>sourceTree</key>
			<string>&lt;group&gt;</string>
		</dict>
		<key>4241C59B1C77A7D50031F2A9</key>
		<dict>
			<key>children</key>
			<array>
				<string>4241C5CF1C77A9D90031F2A9</string>
				<string>4241C5D21C77A9F20031F2A9</string>
				<string>4241C5D11C77A9E80031F2A9</string>
				<string>4241C5D01C77A9E00031F2A9</string>
				<string>4241C59F1C77A7D50031F2A9</string>
				<string>4241C5A01C77A7D50031F2A9</string>
				<string>4241C5AD1C77A7D50031F2A9</string>
				<string>4241C59C1C77A7D50031F2A9</string>
				<string>4241C5D81C77B5A50031F2A9</string>
			</array>
			<key>isa</key>
			<string>PBXGroup</string>
			<key>path</key>
			<string>WHMusicPlayer</string>
			<key>sourceTree</key>
			<string>&lt;group&gt;</string>
		</dict>
		<key>4241C59C1C77A7D50031F2A9</key>
		<dict>
			<key>children</key>
			<array>
				<string>4241C59D1C77A7D50031F2A9</string>
				<string>42FA92C91CCEDBD8006819A1</string>
				<string>428723E31CDC040700FE10D0</string>
			</array>
			<key>isa</key>
			<string>PBXGroup</string>
			<key>name</key>
			<string>Supporting Files</string>
			<key>sourceTree</key>
			<string>&lt;group&gt;</string>
		</dict>
		<key>4241C59D1C77A7D50031F2A9</key>
		<dict>
			<key>isa</key>
			<string>PBXFileReference</string>
			<key>lastKnownFileType</key>
			<string>sourcecode.c.objc</string>
			<key>path</key>
			<string>main.m</string>
			<key>sourceTree</key>
			<string>&lt;group&gt;</string>
		</dict>
		<key>4241C59E1C77A7D50031F2A9</key>
		<dict>
			<key>fileRef</key>
			<string>4241C59D1C77A7D50031F2A9</string>
			<key>isa</key>
			<string>PBXBuildFile</string>
		</dict>
		<key>4241C59F1C77A7D50031F2A9</key>
		<dict>
			<key>isa</key>
			<string>PBXFileReference</string>
			<key>lastKnownFileType</key>
			<string>sourcecode.c.h</string>
			<key>path</key>
			<string>AppDelegate.h</string>
			<key>sourceTree</key>
			<string>&lt;group&gt;</string>
		</dict>
		<key>4241C5A01C77A7D50031F2A9</key>
		<dict>
			<key>isa</key>
			<string>PBXFileReference</string>
			<key>lastKnownFileType</key>
			<string>sourcecode.c.objc</string>
			<key>path</key>
			<string>AppDelegate.m</string>
			<key>sourceTree</key>
			<string>&lt;group&gt;</string>
		</dict>
		<key>4241C5A11C77A7D50031F2A9</key>
		<dict>
			<key>fileRef</key>
			<string>4241C5A01C77A7D50031F2A9</string>
			<key>isa</key>
			<string>PBXBuildFile</string>
		</dict>
		<key>4241C5A51C77A7D50031F2A9</key>
		<dict>
			<key>children</key>
			<array>
				<string>4241C5A61C77A7D50031F2A9</string>
			</array>
			<key>isa</key>
			<string>PBXVariantGroup</string>
			<key>name</key>
			<string>Main.storyboard</string>
			<key>sourceTree</key>
			<string>&lt;group&gt;</string>
		</dict>
		<key>4241C5A61C77A7D50031F2A9</key>
		<dict>
			<key>isa</key>
			<string>PBXFileReference</string>
			<key>lastKnownFileType</key>
			<string>file.storyboard</string>
			<key>name</key>
			<string>Base</string>
			<key>path</key>
			<string>Base.lproj/Main.storyboard</string>
			<key>sourceTree</key>
			<string>&lt;group&gt;</string>
		</dict>
		<key>4241C5A71C77A7D50031F2A9</key>
		<dict>
			<key>fileRef</key>
			<string>4241C5A51C77A7D50031F2A9</string>
			<key>isa</key>
			<string>PBXBuildFile</string>
		</dict>
		<key>4241C5A81C77A7D50031F2A9</key>
		<dict>
			<key>isa</key>
			<string>PBXFileReference</string>
			<key>lastKnownFileType</key>
			<string>folder.assetcatalog</string>
			<key>path</key>
			<string>Assets.xcassets</string>
			<key>sourceTree</key>
			<string>&lt;group&gt;</string>
		</dict>
		<key>4241C5A91C77A7D50031F2A9</key>
		<dict>
			<key>fileRef</key>
			<string>4241C5A81C77A7D50031F2A9</string>
			<key>isa</key>
			<string>PBXBuildFile</string>
		</dict>
		<key>4241C5AA1C77A7D50031F2A9</key>
		<dict>
			<key>children</key>
			<array>
				<string>4241C5AB1C77A7D50031F2A9</string>
			</array>
			<key>isa</key>
			<string>PBXVariantGroup</string>
			<key>name</key>
			<string>LaunchScreen.storyboard</string>
			<key>sourceTree</key>
			<string>&lt;group&gt;</string>
		</dict>
		<key>4241C5AB1C77A7D50031F2A9</key>
		<dict>
			<key>isa</key>
			<string>PBXFileReference</string>
			<key>lastKnownFileType</key>
			<string>file.storyboard</string>
			<key>name</key>
			<string>Base</string>
			<key>path</key>
			<string>Base.lproj/LaunchScreen.storyboard</string>
			<key>sourceTree</key>
			<string>&lt;group&gt;</string>
		</dict>
		<key>4241C5AC1C77A7D50031F2A9</key>
		<dict>
			<key>fileRef</key>
			<string>4241C5AA1C77A7D50031F2A9</string>
			<key>isa</key>
			<string>PBXBuildFile</string>
		</dict>
		<key>4241C5AD1C77A7D50031F2A9</key>
		<dict>
			<key>isa</key>
			<string>PBXFileReference</string>
			<key>lastKnownFileType</key>
			<string>text.plist.xml</string>
			<key>path</key>
			<string>Info.plist</string>
			<key>sourceTree</key>
			<string>&lt;group&gt;</string>
		</dict>
		<key>4241C5AE1C77A7D50031F2A9</key>
		<dict>
			<key>buildActionMask</key>
			<string>2147483647</string>
			<key>files</key>
			<array>
				<string>4241C5B71C77A7D50031F2A9</string>
			</array>
			<key>isa</key>
			<string>PBXSourcesBuildPhase</string>
			<key>runOnlyForDeploymentPostprocessing</key>
			<string>0</string>
		</dict>
		<key>4241C5AF1C77A7D50031F2A9</key>
		<dict>
			<key>buildActionMask</key>
			<string>2147483647</string>
			<key>files</key>
			<array>
				<string>D3F349968A80F26753276453</string>
			</array>
			<key>isa</key>
			<string>PBXFrameworksBuildPhase</string>
			<key>runOnlyForDeploymentPostprocessing</key>
			<string>0</string>
		</dict>
		<key>4241C5B01C77A7D50031F2A9</key>
		<dict>
			<key>buildActionMask</key>
			<string>2147483647</string>
			<key>files</key>
			<array/>
			<key>isa</key>
			<string>PBXResourcesBuildPhase</string>
			<key>runOnlyForDeploymentPostprocessing</key>
			<string>0</string>
		</dict>
		<key>4241C5B11C77A7D50031F2A9</key>
		<dict>
			<key>buildConfigurationList</key>
			<string>4241C5C91C77A7D50031F2A9</string>
			<key>buildPhases</key>
			<array>
				<string>951D6BF3ACD2F71F1F17DD9D</string>
				<string>4241C5AE1C77A7D50031F2A9</string>
				<string>4241C5AF1C77A7D50031F2A9</string>
				<string>4241C5B01C77A7D50031F2A9</string>
				<string>87CFB57075B2960C68BFE829</string>
				<string>EBF6A1E20D353140E538A61E</string>
			</array>
			<key>buildRules</key>
			<array/>
			<key>dependencies</key>
			<array>
				<string>4241C5B41C77A7D50031F2A9</string>
			</array>
			<key>isa</key>
			<string>PBXNativeTarget</string>
			<key>name</key>
			<string>WHMusicPlayerTests</string>
			<key>productName</key>
			<string>WHMusicPlayerTests</string>
			<key>productReference</key>
			<string>4241C5B21C77A7D50031F2A9</string>
			<key>productType</key>
			<string>com.apple.product-type.bundle.unit-test</string>
		</dict>
		<key>4241C5B21C77A7D50031F2A9</key>
		<dict>
			<key>explicitFileType</key>
			<string>wrapper.cfbundle</string>
			<key>includeInIndex</key>
			<string>0</string>
			<key>isa</key>
			<string>PBXFileReference</string>
			<key>path</key>
			<string>WHMusicPlayerTests.xctest</string>
			<key>sourceTree</key>
			<string>BUILT_PRODUCTS_DIR</string>
		</dict>
		<key>4241C5B31C77A7D50031F2A9</key>
		<dict>
			<key>containerPortal</key>
			<string>4241C5911C77A7D50031F2A9</string>
			<key>isa</key>
			<string>PBXContainerItemProxy</string>
			<key>proxyType</key>
			<string>1</string>
			<key>remoteGlobalIDString</key>
			<string>4241C5981C77A7D50031F2A9</string>
			<key>remoteInfo</key>
			<string>WHMusicPlayer</string>
		</dict>
		<key>4241C5B41C77A7D50031F2A9</key>
		<dict>
			<key>isa</key>
			<string>PBXTargetDependency</string>
			<key>target</key>
			<string>4241C5981C77A7D50031F2A9</string>
			<key>targetProxy</key>
			<string>4241C5B31C77A7D50031F2A9</string>
		</dict>
		<key>4241C5B51C77A7D50031F2A9</key>
		<dict>
			<key>children</key>
			<array>
				<string>4241C5B61C77A7D50031F2A9</string>
				<string>4241C5B81C77A7D50031F2A9</string>
			</array>
			<key>isa</key>
			<string>PBXGroup</string>
			<key>path</key>
			<string>WHMusicPlayerTests</string>
			<key>sourceTree</key>
			<string>&lt;group&gt;</string>
		</dict>
		<key>4241C5B61C77A7D50031F2A9</key>
		<dict>
			<key>isa</key>
			<string>PBXFileReference</string>
			<key>lastKnownFileType</key>
			<string>sourcecode.c.objc</string>
			<key>path</key>
			<string>WHMusicPlayerTests.m</string>
			<key>sourceTree</key>
			<string>&lt;group&gt;</string>
		</dict>
		<key>4241C5B71C77A7D50031F2A9</key>
		<dict>
			<key>fileRef</key>
			<string>4241C5B61C77A7D50031F2A9</string>
			<key>isa</key>
			<string>PBXBuildFile</string>
		</dict>
		<key>4241C5B81C77A7D50031F2A9</key>
		<dict>
			<key>isa</key>
			<string>PBXFileReference</string>
			<key>lastKnownFileType</key>
			<string>text.plist.xml</string>
			<key>path</key>
			<string>Info.plist</string>
			<key>sourceTree</key>
			<string>&lt;group&gt;</string>
		</dict>
		<key>4241C5B91C77A7D50031F2A9</key>
		<dict>
			<key>buildActionMask</key>
			<string>2147483647</string>
			<key>files</key>
			<array>
				<string>4241C5C21C77A7D50031F2A9</string>
			</array>
			<key>isa</key>
			<string>PBXSourcesBuildPhase</string>
			<key>runOnlyForDeploymentPostprocessing</key>
			<string>0</string>
		</dict>
		<key>4241C5BA1C77A7D50031F2A9</key>
		<dict>
			<key>buildActionMask</key>
			<string>2147483647</string>
			<key>files</key>
			<array>
				<string>6CC112D140C5F1304A29685D</string>
			</array>
			<key>isa</key>
			<string>PBXFrameworksBuildPhase</string>
			<key>runOnlyForDeploymentPostprocessing</key>
			<string>0</string>
		</dict>
		<key>4241C5BB1C77A7D50031F2A9</key>
		<dict>
			<key>buildActionMask</key>
			<string>2147483647</string>
			<key>files</key>
			<array/>
			<key>isa</key>
			<string>PBXResourcesBuildPhase</string>
			<key>runOnlyForDeploymentPostprocessing</key>
			<string>0</string>
		</dict>
		<key>4241C5BC1C77A7D50031F2A9</key>
		<dict>
			<key>buildConfigurationList</key>
			<string>4241C5CC1C77A7D50031F2A9</string>
			<key>buildPhases</key>
			<array>
				<string>18A9A20A826D3F828902C0B5</string>
				<string>4241C5B91C77A7D50031F2A9</string>
				<string>4241C5BA1C77A7D50031F2A9</string>
				<string>4241C5BB1C77A7D50031F2A9</string>
				<string>8F22FD8CD83589EEBD4D7739</string>
				<string>3B111FC4A6D70B1052096F56</string>
			</array>
			<key>buildRules</key>
			<array/>
			<key>dependencies</key>
			<array>
				<string>4241C5BF1C77A7D50031F2A9</string>
			</array>
			<key>isa</key>
			<string>PBXNativeTarget</string>
			<key>name</key>
			<string>WHMusicPlayerUITests</string>
			<key>productName</key>
			<string>WHMusicPlayerUITests</string>
			<key>productReference</key>
			<string>4241C5BD1C77A7D50031F2A9</string>
			<key>productType</key>
			<string>com.apple.product-type.bundle.ui-testing</string>
		</dict>
		<key>4241C5BD1C77A7D50031F2A9</key>
		<dict>
			<key>explicitFileType</key>
			<string>wrapper.cfbundle</string>
			<key>includeInIndex</key>
			<string>0</string>
			<key>isa</key>
			<string>PBXFileReference</string>
			<key>path</key>
			<string>WHMusicPlayerUITests.xctest</string>
			<key>sourceTree</key>
			<string>BUILT_PRODUCTS_DIR</string>
		</dict>
		<key>4241C5BE1C77A7D50031F2A9</key>
		<dict>
			<key>containerPortal</key>
			<string>4241C5911C77A7D50031F2A9</string>
			<key>isa</key>
			<string>PBXContainerItemProxy</string>
			<key>proxyType</key>
			<string>1</string>
			<key>remoteGlobalIDString</key>
			<string>4241C5981C77A7D50031F2A9</string>
			<key>remoteInfo</key>
			<string>WHMusicPlayer</string>
		</dict>
		<key>4241C5BF1C77A7D50031F2A9</key>
		<dict>
			<key>isa</key>
			<string>PBXTargetDependency</string>
			<key>target</key>
			<string>4241C5981C77A7D50031F2A9</string>
			<key>targetProxy</key>
			<string>4241C5BE1C77A7D50031F2A9</string>
		</dict>
		<key>4241C5C01C77A7D50031F2A9</key>
		<dict>
			<key>children</key>
			<array>
				<string>4241C5C11C77A7D50031F2A9</string>
				<string>4241C5C31C77A7D50031F2A9</string>
			</array>
			<key>isa</key>
			<string>PBXGroup</string>
			<key>path</key>
			<string>WHMusicPlayerUITests</string>
			<key>sourceTree</key>
			<string>&lt;group&gt;</string>
		</dict>
		<key>4241C5C11C77A7D50031F2A9</key>
		<dict>
			<key>isa</key>
			<string>PBXFileReference</string>
			<key>lastKnownFileType</key>
			<string>sourcecode.c.objc</string>
			<key>path</key>
			<string>WHMusicPlayerUITests.m</string>
			<key>sourceTree</key>
			<string>&lt;group&gt;</string>
		</dict>
		<key>4241C5C21C77A7D50031F2A9</key>
		<dict>
			<key>fileRef</key>
			<string>4241C5C11C77A7D50031F2A9</string>
			<key>isa</key>
			<string>PBXBuildFile</string>
		</dict>
		<key>4241C5C31C77A7D50031F2A9</key>
		<dict>
			<key>isa</key>
			<string>PBXFileReference</string>
			<key>lastKnownFileType</key>
			<string>text.plist.xml</string>
			<key>path</key>
			<string>Info.plist</string>
			<key>sourceTree</key>
			<string>&lt;group&gt;</string>
		</dict>
		<key>4241C5C41C77A7D50031F2A9</key>
		<dict>
			<key>buildSettings</key>
			<dict>
				<key>ALWAYS_SEARCH_USER_PATHS</key>
				<string>NO</string>
				<key>CLANG_CXX_LANGUAGE_STANDARD</key>
				<string>gnu++0x</string>
				<key>CLANG_CXX_LIBRARY</key>
				<string>libc++</string>
				<key>CLANG_ENABLE_MODULES</key>
				<string>YES</string>
				<key>CLANG_ENABLE_OBJC_ARC</key>
				<string>YES</string>
				<key>CLANG_WARN_BOOL_CONVERSION</key>
				<string>YES</string>
				<key>CLANG_WARN_CONSTANT_CONVERSION</key>
				<string>YES</string>
				<key>CLANG_WARN_DIRECT_OBJC_ISA_USAGE</key>
				<string>YES_ERROR</string>
				<key>CLANG_WARN_EMPTY_BODY</key>
				<string>YES</string>
				<key>CLANG_WARN_ENUM_CONVERSION</key>
				<string>YES</string>
				<key>CLANG_WARN_INT_CONVERSION</key>
				<string>YES</string>
				<key>CLANG_WARN_OBJC_ROOT_CLASS</key>
				<string>YES_ERROR</string>
				<key>CLANG_WARN_UNREACHABLE_CODE</key>
				<string>YES</string>
				<key>CLANG_WARN__DUPLICATE_METHOD_MATCH</key>
				<string>YES</string>
				<key>CODE_SIGN_IDENTITY[sdk=iphoneos*]</key>
				<string>iPhone Developer</string>
				<key>COPY_PHASE_STRIP</key>
				<string>NO</string>
				<key>DEBUG_INFORMATION_FORMAT</key>
				<string>dwarf</string>
				<key>ENABLE_STRICT_OBJC_MSGSEND</key>
				<string>YES</string>
				<key>ENABLE_TESTABILITY</key>
				<string>YES</string>
				<key>GCC_C_LANGUAGE_STANDARD</key>
				<string>gnu99</string>
				<key>GCC_DYNAMIC_NO_PIC</key>
				<string>NO</string>
				<key>GCC_NO_COMMON_BLOCKS</key>
				<string>YES</string>
				<key>GCC_OPTIMIZATION_LEVEL</key>
				<string>0</string>
				<key>GCC_PREPROCESSOR_DEFINITIONS</key>
				<array>
					<string>DEBUG=1</string>
					<string>$(inherited)</string>
				</array>
				<key>GCC_WARN_64_TO_32_BIT_CONVERSION</key>
				<string>YES</string>
				<key>GCC_WARN_ABOUT_RETURN_TYPE</key>
				<string>YES_ERROR</string>
				<key>GCC_WARN_UNDECLARED_SELECTOR</key>
				<string>YES</string>
				<key>GCC_WARN_UNINITIALIZED_AUTOS</key>
				<string>YES_AGGRESSIVE</string>
				<key>GCC_WARN_UNUSED_FUNCTION</key>
				<string>YES</string>
				<key>GCC_WARN_UNUSED_VARIABLE</key>
				<string>YES</string>
				<key>IPHONEOS_DEPLOYMENT_TARGET</key>
				<string>9.2</string>
				<key>MTL_ENABLE_DEBUG_INFO</key>
				<string>YES</string>
				<key>ONLY_ACTIVE_ARCH</key>
				<string>YES</string>
				<key>SDKROOT</key>
				<string>iphoneos</string>
			</dict>
			<key>isa</key>
			<string>XCBuildConfiguration</string>
			<key>name</key>
			<string>Debug</string>
		</dict>
		<key>4241C5C51C77A7D50031F2A9</key>
		<dict>
			<key>buildSettings</key>
			<dict>
				<key>ALWAYS_SEARCH_USER_PATHS</key>
				<string>NO</string>
				<key>CLANG_CXX_LANGUAGE_STANDARD</key>
				<string>gnu++0x</string>
				<key>CLANG_CXX_LIBRARY</key>
				<string>libc++</string>
				<key>CLANG_ENABLE_MODULES</key>
				<string>YES</string>
				<key>CLANG_ENABLE_OBJC_ARC</key>
				<string>YES</string>
				<key>CLANG_WARN_BOOL_CONVERSION</key>
				<string>YES</string>
				<key>CLANG_WARN_CONSTANT_CONVERSION</key>
				<string>YES</string>
				<key>CLANG_WARN_DIRECT_OBJC_ISA_USAGE</key>
				<string>YES_ERROR</string>
				<key>CLANG_WARN_EMPTY_BODY</key>
				<string>YES</string>
				<key>CLANG_WARN_ENUM_CONVERSION</key>
				<string>YES</string>
				<key>CLANG_WARN_INT_CONVERSION</key>
				<string>YES</string>
				<key>CLANG_WARN_OBJC_ROOT_CLASS</key>
				<string>YES_ERROR</string>
				<key>CLANG_WARN_UNREACHABLE_CODE</key>
				<string>YES</string>
				<key>CLANG_WARN__DUPLICATE_METHOD_MATCH</key>
				<string>YES</string>
				<key>CODE_SIGN_IDENTITY[sdk=iphoneos*]</key>
				<string>iPhone Developer</string>
				<key>COPY_PHASE_STRIP</key>
				<string>NO</string>
				<key>DEBUG_INFORMATION_FORMAT</key>
				<string>dwarf-with-dsym</string>
				<key>ENABLE_NS_ASSERTIONS</key>
				<string>NO</string>
				<key>ENABLE_STRICT_OBJC_MSGSEND</key>
				<string>YES</string>
				<key>GCC_C_LANGUAGE_STANDARD</key>
				<string>gnu99</string>
				<key>GCC_NO_COMMON_BLOCKS</key>
				<string>YES</string>
				<key>GCC_WARN_64_TO_32_BIT_CONVERSION</key>
				<string>YES</string>
				<key>GCC_WARN_ABOUT_RETURN_TYPE</key>
				<string>YES_ERROR</string>
				<key>GCC_WARN_UNDECLARED_SELECTOR</key>
				<string>YES</string>
				<key>GCC_WARN_UNINITIALIZED_AUTOS</key>
				<string>YES_AGGRESSIVE</string>
				<key>GCC_WARN_UNUSED_FUNCTION</key>
				<string>YES</string>
				<key>GCC_WARN_UNUSED_VARIABLE</key>
				<string>YES</string>
				<key>IPHONEOS_DEPLOYMENT_TARGET</key>
				<string>9.2</string>
				<key>MTL_ENABLE_DEBUG_INFO</key>
				<string>NO</string>
				<key>SDKROOT</key>
				<string>iphoneos</string>
				<key>VALIDATE_PRODUCT</key>
				<string>YES</string>
			</dict>
			<key>isa</key>
			<string>XCBuildConfiguration</string>
			<key>name</key>
			<string>Release</string>
		</dict>
		<key>4241C5C61C77A7D50031F2A9</key>
		<dict>
			<key>buildConfigurations</key>
			<array>
				<string>4241C5C71C77A7D50031F2A9</string>
				<string>4241C5C81C77A7D50031F2A9</string>
			</array>
			<key>defaultConfigurationIsVisible</key>
			<string>0</string>
			<key>defaultConfigurationName</key>
			<string>Release</string>
			<key>isa</key>
			<string>XCConfigurationList</string>
		</dict>
		<key>4241C5C71C77A7D50031F2A9</key>
		<dict>
			<key>baseConfigurationReference</key>
			<string>7AFC401C544F061173DBDB11</string>
			<key>buildSettings</key>
			<dict>
				<key>ASSETCATALOG_COMPILER_APPICON_NAME</key>
				<string>AppIcon</string>
				<key>CODE_SIGN_IDENTITY</key>
				<string>iPhone Developer</string>
				<key>CODE_SIGN_IDENTITY[sdk=iphoneos*]</key>
				<string>iPhone Developer</string>
				<key>ENABLE_BITCODE</key>
				<string>NO</string>
				<key>FRAMEWORK_SEARCH_PATHS</key>
				<array>
					<string>$(inherited)</string>
					<string>$(PROJECT_DIR)</string>
				</array>
				<key>INFOPLIST_FILE</key>
				<string>WHMusicPlayer/Info.plist</string>
				<key>LD_RUNPATH_SEARCH_PATHS</key>
				<string>$(inherited) @executable_path/Frameworks</string>
				<key>OTHER_LDFLAGS</key>
				<array>
					<string>-ObjC</string>
					<string>$(inherited)</string>
				</array>
				<key>PRODUCT_BUNDLE_IDENTIFIER</key>
				<string>wearhaus.WHMusicPlayer</string>
				<key>PRODUCT_NAME</key>
				<string>$(TARGET_NAME)</string>
				<key>PROVISIONING_PROFILE</key>
				<string></string>
			</dict>
			<key>isa</key>
			<string>XCBuildConfiguration</string>
			<key>name</key>
			<string>Debug</string>
		</dict>
		<key>4241C5C81C77A7D50031F2A9</key>
		<dict>
			<key>baseConfigurationReference</key>
			<string>B505C438632E5E4144E6A49D</string>
			<key>buildSettings</key>
			<dict>
				<key>ASSETCATALOG_COMPILER_APPICON_NAME</key>
				<string>AppIcon</string>
				<key>CODE_SIGN_IDENTITY</key>
				<string>iPhone Developer</string>
				<key>CODE_SIGN_IDENTITY[sdk=iphoneos*]</key>
				<string>iPhone Developer</string>
				<key>ENABLE_BITCODE</key>
				<string>NO</string>
				<key>FRAMEWORK_SEARCH_PATHS</key>
				<array>
					<string>$(inherited)</string>
					<string>$(PROJECT_DIR)</string>
				</array>
				<key>INFOPLIST_FILE</key>
				<string>WHMusicPlayer/Info.plist</string>
				<key>LD_RUNPATH_SEARCH_PATHS</key>
				<string>$(inherited) @executable_path/Frameworks</string>
				<key>OTHER_LDFLAGS</key>
				<array>
					<string>-ObjC</string>
					<string>$(inherited)</string>
				</array>
				<key>PRODUCT_BUNDLE_IDENTIFIER</key>
				<string>wearhaus.WHMusicPlayer</string>
				<key>PRODUCT_NAME</key>
				<string>$(TARGET_NAME)</string>
				<key>PROVISIONING_PROFILE</key>
				<string></string>
			</dict>
			<key>isa</key>
			<string>XCBuildConfiguration</string>
			<key>name</key>
			<string>Release</string>
		</dict>
		<key>4241C5C91C77A7D50031F2A9</key>
		<dict>
			<key>buildConfigurations</key>
			<array>
				<string>4241C5CA1C77A7D50031F2A9</string>
				<string>4241C5CB1C77A7D50031F2A9</string>
			</array>
			<key>defaultConfigurationIsVisible</key>
			<string>0</string>
			<key>defaultConfigurationName</key>
			<string>Release</string>
			<key>isa</key>
			<string>XCConfigurationList</string>
		</dict>
		<key>4241C5CA1C77A7D50031F2A9</key>
		<dict>
			<key>baseConfigurationReference</key>
			<string>3163E6C3500BF8D46607F0D2</string>
			<key>buildSettings</key>
			<dict>
				<key>BUNDLE_LOADER</key>
				<string>$(TEST_HOST)</string>
				<key>INFOPLIST_FILE</key>
				<string>WHMusicPlayerTests/Info.plist</string>
				<key>LD_RUNPATH_SEARCH_PATHS</key>
				<string>$(inherited) @executable_path/Frameworks @loader_path/Frameworks</string>
				<key>PRODUCT_BUNDLE_IDENTIFIER</key>
				<string>wearhaus.WHMusicPlayerTests</string>
				<key>PRODUCT_NAME</key>
				<string>$(TARGET_NAME)</string>
				<key>TEST_HOST</key>
				<string>$(BUILT_PRODUCTS_DIR)/WHMusicPlayer.app/WHMusicPlayer</string>
			</dict>
			<key>isa</key>
			<string>XCBuildConfiguration</string>
			<key>name</key>
			<string>Debug</string>
		</dict>
		<key>4241C5CB1C77A7D50031F2A9</key>
		<dict>
			<key>baseConfigurationReference</key>
			<string>CB355E617CDEBEBFF34C45B9</string>
			<key>buildSettings</key>
			<dict>
				<key>BUNDLE_LOADER</key>
				<string>$(TEST_HOST)</string>
				<key>INFOPLIST_FILE</key>
				<string>WHMusicPlayerTests/Info.plist</string>
				<key>LD_RUNPATH_SEARCH_PATHS</key>
				<string>$(inherited) @executable_path/Frameworks @loader_path/Frameworks</string>
				<key>PRODUCT_BUNDLE_IDENTIFIER</key>
				<string>wearhaus.WHMusicPlayerTests</string>
				<key>PRODUCT_NAME</key>
				<string>$(TARGET_NAME)</string>
				<key>TEST_HOST</key>
				<string>$(BUILT_PRODUCTS_DIR)/WHMusicPlayer.app/WHMusicPlayer</string>
			</dict>
			<key>isa</key>
			<string>XCBuildConfiguration</string>
			<key>name</key>
			<string>Release</string>
		</dict>
		<key>4241C5CC1C77A7D50031F2A9</key>
		<dict>
			<key>buildConfigurations</key>
			<array>
				<string>4241C5CD1C77A7D50031F2A9</string>
				<string>4241C5CE1C77A7D50031F2A9</string>
			</array>
			<key>defaultConfigurationIsVisible</key>
			<string>0</string>
			<key>defaultConfigurationName</key>
			<string>Release</string>
			<key>isa</key>
			<string>XCConfigurationList</string>
		</dict>
		<key>4241C5CD1C77A7D50031F2A9</key>
		<dict>
			<key>baseConfigurationReference</key>
			<string>A00DAAB0CA0D9076A155FE33</string>
			<key>buildSettings</key>
			<dict>
				<key>INFOPLIST_FILE</key>
				<string>WHMusicPlayerUITests/Info.plist</string>
				<key>LD_RUNPATH_SEARCH_PATHS</key>
				<string>$(inherited) @executable_path/Frameworks @loader_path/Frameworks</string>
				<key>PRODUCT_BUNDLE_IDENTIFIER</key>
				<string>wearhaus.WHMusicPlayerUITests</string>
				<key>PRODUCT_NAME</key>
				<string>$(TARGET_NAME)</string>
				<key>TEST_TARGET_NAME</key>
				<string>WHMusicPlayer</string>
				<key>USES_XCTRUNNER</key>
				<string>YES</string>
			</dict>
			<key>isa</key>
			<string>XCBuildConfiguration</string>
			<key>name</key>
			<string>Debug</string>
		</dict>
		<key>4241C5CE1C77A7D50031F2A9</key>
		<dict>
			<key>baseConfigurationReference</key>
			<string>3D10352BC87AEA87A90F942C</string>
			<key>buildSettings</key>
			<dict>
				<key>INFOPLIST_FILE</key>
				<string>WHMusicPlayerUITests/Info.plist</string>
				<key>LD_RUNPATH_SEARCH_PATHS</key>
				<string>$(inherited) @executable_path/Frameworks @loader_path/Frameworks</string>
				<key>PRODUCT_BUNDLE_IDENTIFIER</key>
				<string>wearhaus.WHMusicPlayerUITests</string>
				<key>PRODUCT_NAME</key>
				<string>$(TARGET_NAME)</string>
				<key>TEST_TARGET_NAME</key>
				<string>WHMusicPlayer</string>
				<key>USES_XCTRUNNER</key>
				<string>YES</string>
			</dict>
			<key>isa</key>
			<string>XCBuildConfiguration</string>
			<key>name</key>
			<string>Release</string>
		</dict>
		<key>4241C5CF1C77A9D90031F2A9</key>
		<dict>
			<key>children</key>
			<array>
				<string>4241C5F91C77C0FF0031F2A9</string>
				<string>4241C5FA1C77C0FF0031F2A9</string>
				<string>42FA92C61CCED96C006819A1</string>
				<string>42FA92C71CCED96C006819A1</string>
				<string>428723E41CDD298700FE10D0</string>
				<string>428723E51CDD298700FE10D0</string>
			</array>
			<key>isa</key>
			<string>PBXGroup</string>
			<key>name</key>
			<string>Models</string>
			<key>sourceTree</key>
			<string>&lt;group&gt;</string>
		</dict>
		<key>4241C5D01C77A9E00031F2A9</key>
		<dict>
			<key>children</key>
			<array>
				<string>4241C5A81C77A7D50031F2A9</string>
				<string>4241C5AA1C77A7D50031F2A9</string>
				<string>4241C6021C77C4F40031F2A9</string>
				<string>4241C5A51C77A7D50031F2A9</string>
				<string>4241C5E01C77C0BC0031F2A9</string>
				<string>4241C5E11C77C0BC0031F2A9</string>
				<string>4241C5E41C77C0BC0031F2A9</string>
				<string>4241C5E51C77C0BC0031F2A9</string>
				<string>4241C5E21C77C0BC0031F2A9</string>
				<string>4241C5E31C77C0BC0031F2A9</string>
			</array>
			<key>isa</key>
			<string>PBXGroup</string>
			<key>name</key>
			<string>Views</string>
			<key>sourceTree</key>
			<string>&lt;group&gt;</string>
		</dict>
		<key>4241C5D11C77A9E80031F2A9</key>
		<dict>
			<key>children</key>
			<array>
				<string>4227D3DA1C78541600A71342</string>
				<string>4227D3DB1C78541600A71342</string>
				<string>4241C5D51C77B0D00031F2A9</string>
				<string>4241C5D61C77B0D00031F2A9</string>
				<string>4241C5E81C77C0BC0031F2A9</string>
				<string>4241C5E91C77C0BC0031F2A9</string>
				<string>4241C5E61C77C0BC0031F2A9</string>
				<string>4241C5E71C77C0BC0031F2A9</string>
				<string>428723E01CDBE97700FE10D0</string>
				<string>428723E11CDBE97700FE10D0</string>
				<string>4214D4961CD141BD001BCBDB</string>
				<string>4214D4971CD141BD001BCBDB</string>
				<string>4241C5F61C77C0F10031F2A9</string>
				<string>4241C5F71C77C0F10031F2A9</string>
				<string>4241C5FF1C77C1790031F2A9</string>
				<string>4241C6001C77C1790031F2A9</string>
			</array>
			<key>isa</key>
			<string>PBXGroup</string>
			<key>name</key>
			<string>Controllers</string>
			<key>sourceTree</key>
			<string>&lt;group&gt;</string>
		</dict>
		<key>4241C5D21C77A9F20031F2A9</key>
		<dict>
			<key>children</key>
			<array>
				<string>4214D48C1CD01825001BCBDB</string>
				<string>4214D48D1CD01825001BCBDB</string>
				<string>426C5C951CCEE5CE00D85B24</string>
				<string>426C5C961CCEE5CE00D85B24</string>
				<string>4241C5F01C77C0CB0031F2A9</string>
				<string>4241C5F11C77C0CB0031F2A9</string>
				<string>4241C5F21C77C0CB0031F2A9</string>
				<string>4241C5F31C77C0CB0031F2A9</string>
				<string>4214D4991CD180AF001BCBDB</string>
				<string>4214D49A1CD180AF001BCBDB</string>
				<string>422A68F41CD963B50037A02C</string>
				<string>422A68F51CD963B50037A02C</string>
				<string>428723E71CDD339E00FE10D0</string>
				<string>428723E81CDD339E00FE10D0</string>
				<string>428723EA1CDD713900FE10D0</string>
				<string>428723EB1CDD713A00FE10D0</string>
				<string>428723ED1CDD72BA00FE10D0</string>
				<string>428723EE1CDD72BA00FE10D0</string>
			</array>
			<key>isa</key>
			<string>PBXGroup</string>
			<key>name</key>
			<string>Categories</string>
			<key>sourceTree</key>
			<string>&lt;group&gt;</string>
		</dict>
		<key>4241C5D51C77B0D00031F2A9</key>
		<dict>
			<key>fileEncoding</key>
			<string>4</string>
			<key>isa</key>
			<string>PBXFileReference</string>
			<key>lastKnownFileType</key>
			<string>sourcecode.c.h</string>
			<key>path</key>
			<string>LoginViewController.h</string>
			<key>sourceTree</key>
			<string>&lt;group&gt;</string>
		</dict>
		<key>4241C5D61C77B0D00031F2A9</key>
		<dict>
			<key>fileEncoding</key>
			<string>4</string>
			<key>isa</key>
			<string>PBXFileReference</string>
			<key>lastKnownFileType</key>
			<string>sourcecode.c.objc</string>
			<key>path</key>
			<string>LoginViewController.m</string>
			<key>sourceTree</key>
			<string>&lt;group&gt;</string>
		</dict>
		<key>4241C5D71C77B0D00031F2A9</key>
		<dict>
			<key>fileRef</key>
			<string>4241C5D61C77B0D00031F2A9</string>
			<key>isa</key>
			<string>PBXBuildFile</string>
		</dict>
		<key>4241C5D81C77B5A50031F2A9</key>
		<dict>
			<key>isa</key>
			<string>PBXFileReference</string>
			<key>lastKnownFileType</key>
			<string>sourcecode.c.h</string>
			<key>path</key>
			<string>SpotifyConfig.h</string>
			<key>sourceTree</key>
			<string>&lt;group&gt;</string>
		</dict>
		<key>4241C5D91C77B7360031F2A9</key>
		<dict>
			<key>isa</key>
			<string>PBXFileReference</string>
			<key>lastKnownFileType</key>
			<string>wrapper.framework</string>
			<key>name</key>
			<string>AVFoundation.framework</string>
			<key>path</key>
			<string>System/Library/Frameworks/AVFoundation.framework</string>
			<key>sourceTree</key>
			<string>SDKROOT</string>
		</dict>
		<key>4241C5DA1C77B7360031F2A9</key>
		<dict>
			<key>fileRef</key>
			<string>4241C5D91C77B7360031F2A9</string>
			<key>isa</key>
			<string>PBXBuildFile</string>
		</dict>
		<key>4241C5DB1C77B87C0031F2A9</key>
		<dict>
			<key>isa</key>
			<string>PBXFileReference</string>
			<key>lastKnownFileType</key>
			<string>wrapper.framework</string>
			<key>path</key>
			<string>Spotify.framework</string>
			<key>sourceTree</key>
			<string>&lt;group&gt;</string>
		</dict>
		<key>4241C5DC1C77B87C0031F2A9</key>
		<dict>
			<key>fileRef</key>
			<string>4241C5DB1C77B87C0031F2A9</string>
			<key>isa</key>
			<string>PBXBuildFile</string>
		</dict>
		<key>4241C5E01C77C0BC0031F2A9</key>
		<dict>
			<key>fileEncoding</key>
			<string>4</string>
			<key>isa</key>
			<string>PBXFileReference</string>
			<key>lastKnownFileType</key>
			<string>file.xib</string>
			<key>path</key>
			<string>NowPlayingBarView.xib</string>
			<key>sourceTree</key>
			<string>&lt;group&gt;</string>
		</dict>
		<key>4241C5E11C77C0BC0031F2A9</key>
		<dict>
			<key>fileEncoding</key>
			<string>4</string>
			<key>isa</key>
			<string>PBXFileReference</string>
			<key>lastKnownFileType</key>
			<string>file.xib</string>
			<key>path</key>
			<string>NowPlayingDetailView.xib</string>
			<key>sourceTree</key>
			<string>&lt;group&gt;</string>
		</dict>
		<key>4241C5E21C77C0BC0031F2A9</key>
		<dict>
			<key>fileEncoding</key>
			<string>4</string>
			<key>isa</key>
			<string>PBXFileReference</string>
			<key>lastKnownFileType</key>
			<string>sourcecode.c.h</string>
			<key>path</key>
			<string>NowPlayingBarView.h</string>
			<key>sourceTree</key>
			<string>&lt;group&gt;</string>
		</dict>
		<key>4241C5E31C77C0BC0031F2A9</key>
		<dict>
			<key>fileEncoding</key>
			<string>4</string>
			<key>isa</key>
			<string>PBXFileReference</string>
			<key>lastKnownFileType</key>
			<string>sourcecode.c.objc</string>
			<key>path</key>
			<string>NowPlayingBarView.m</string>
			<key>sourceTree</key>
			<string>&lt;group&gt;</string>
		</dict>
		<key>4241C5E41C77C0BC0031F2A9</key>
		<dict>
			<key>fileEncoding</key>
			<string>4</string>
			<key>isa</key>
			<string>PBXFileReference</string>
			<key>lastKnownFileType</key>
			<string>sourcecode.c.h</string>
			<key>path</key>
			<string>NowPlayingDetailViewController.h</string>
			<key>sourceTree</key>
			<string>&lt;group&gt;</string>
		</dict>
		<key>4241C5E51C77C0BC0031F2A9</key>
		<dict>
			<key>fileEncoding</key>
			<string>4</string>
			<key>isa</key>
			<string>PBXFileReference</string>
			<key>lastKnownFileType</key>
			<string>sourcecode.c.objc</string>
			<key>path</key>
			<string>NowPlayingDetailViewController.m</string>
			<key>sourceTree</key>
			<string>&lt;group&gt;</string>
		</dict>
		<key>4241C5E61C77C0BC0031F2A9</key>
		<dict>
			<key>fileEncoding</key>
			<string>4</string>
			<key>isa</key>
			<string>PBXFileReference</string>
			<key>lastKnownFileType</key>
			<string>sourcecode.c.h</string>
			<key>path</key>
			<string>PlaylistTableViewController.h</string>
			<key>sourceTree</key>
			<string>&lt;group&gt;</string>
		</dict>
		<key>4241C5E71C77C0BC0031F2A9</key>
		<dict>
			<key>fileEncoding</key>
			<string>4</string>
			<key>isa</key>
			<string>PBXFileReference</string>
			<key>lastKnownFileType</key>
			<string>sourcecode.c.objc</string>
			<key>path</key>
			<string>PlaylistTableViewController.m</string>
			<key>sourceTree</key>
			<string>&lt;group&gt;</string>
		</dict>
		<key>4241C5E81C77C0BC0031F2A9</key>
		<dict>
			<key>fileEncoding</key>
			<string>4</string>
			<key>isa</key>
			<string>PBXFileReference</string>
			<key>lastKnownFileType</key>
			<string>sourcecode.c.h</string>
			<key>path</key>
			<string>MyMusicTableViewController.h</string>
			<key>sourceTree</key>
			<string>&lt;group&gt;</string>
		</dict>
		<key>4241C5E91C77C0BC0031F2A9</key>
		<dict>
			<key>fileEncoding</key>
			<string>4</string>
			<key>isa</key>
			<string>PBXFileReference</string>
			<key>lastKnownFileType</key>
			<string>sourcecode.c.objc</string>
			<key>path</key>
			<string>MyMusicTableViewController.m</string>
			<key>sourceTree</key>
			<string>&lt;group&gt;</string>
		</dict>
		<key>4241C5EA1C77C0BC0031F2A9</key>
		<dict>
			<key>fileRef</key>
			<string>4241C5E01C77C0BC0031F2A9</string>
			<key>isa</key>
			<string>PBXBuildFile</string>
		</dict>
		<key>4241C5EB1C77C0BC0031F2A9</key>
		<dict>
			<key>fileRef</key>
			<string>4241C5E11C77C0BC0031F2A9</string>
			<key>isa</key>
			<string>PBXBuildFile</string>
		</dict>
		<key>4241C5EC1C77C0BC0031F2A9</key>
		<dict>
			<key>fileRef</key>
			<string>4241C5E31C77C0BC0031F2A9</string>
			<key>isa</key>
			<string>PBXBuildFile</string>
		</dict>
		<key>4241C5ED1C77C0BC0031F2A9</key>
		<dict>
			<key>fileRef</key>
			<string>4241C5E51C77C0BC0031F2A9</string>
			<key>isa</key>
			<string>PBXBuildFile</string>
		</dict>
		<key>4241C5EE1C77C0BC0031F2A9</key>
		<dict>
			<key>fileRef</key>
			<string>4241C5E71C77C0BC0031F2A9</string>
			<key>isa</key>
			<string>PBXBuildFile</string>
		</dict>
		<key>4241C5EF1C77C0BC0031F2A9</key>
		<dict>
			<key>fileRef</key>
			<string>4241C5E91C77C0BC0031F2A9</string>
			<key>isa</key>
			<string>PBXBuildFile</string>
		</dict>
		<key>4241C5F01C77C0CB0031F2A9</key>
		<dict>
			<key>fileEncoding</key>
			<string>4</string>
			<key>isa</key>
			<string>PBXFileReference</string>
			<key>lastKnownFileType</key>
			<string>sourcecode.c.h</string>
			<key>path</key>
			<string>SPTAudioStreamingController+WHSpotifyHelper.h</string>
			<key>sourceTree</key>
			<string>&lt;group&gt;</string>
		</dict>
		<key>4241C5F11C77C0CB0031F2A9</key>
		<dict>
			<key>fileEncoding</key>
			<string>4</string>
			<key>isa</key>
			<string>PBXFileReference</string>
			<key>lastKnownFileType</key>
			<string>sourcecode.c.objc</string>
			<key>path</key>
			<string>SPTAudioStreamingController+WHSpotifyHelper.m</string>
			<key>sourceTree</key>
			<string>&lt;group&gt;</string>
		</dict>
		<key>4241C5F21C77C0CB0031F2A9</key>
		<dict>
			<key>fileEncoding</key>
			<string>4</string>
			<key>isa</key>
			<string>PBXFileReference</string>
			<key>lastKnownFileType</key>
			<string>sourcecode.c.h</string>
			<key>path</key>
			<string>SPTSearch+WebAPI.h</string>
			<key>sourceTree</key>
			<string>&lt;group&gt;</string>
		</dict>
		<key>4241C5F31C77C0CB0031F2A9</key>
		<dict>
			<key>fileEncoding</key>
			<string>4</string>
			<key>isa</key>
			<string>PBXFileReference</string>
			<key>lastKnownFileType</key>
			<string>sourcecode.c.objc</string>
			<key>path</key>
			<string>SPTSearch+WebAPI.m</string>
			<key>sourceTree</key>
			<string>&lt;group&gt;</string>
		</dict>
		<key>4241C5F41C77C0CB0031F2A9</key>
		<dict>
			<key>fileRef</key>
			<string>4241C5F11C77C0CB0031F2A9</string>
			<key>isa</key>
			<string>PBXBuildFile</string>
		</dict>
		<key>4241C5F51C77C0CB0031F2A9</key>
		<dict>
			<key>fileRef</key>
			<string>4241C5F31C77C0CB0031F2A9</string>
			<key>isa</key>
			<string>PBXBuildFile</string>
		</dict>
		<key>4241C5F61C77C0F10031F2A9</key>
		<dict>
			<key>fileEncoding</key>
			<string>4</string>
			<key>isa</key>
			<string>PBXFileReference</string>
			<key>lastKnownFileType</key>
			<string>sourcecode.c.h</string>
			<key>path</key>
			<string>SpotifySearchTableViewController.h</string>
			<key>sourceTree</key>
			<string>&lt;group&gt;</string>
		</dict>
		<key>4241C5F71C77C0F10031F2A9</key>
		<dict>
			<key>fileEncoding</key>
			<string>4</string>
			<key>isa</key>
			<string>PBXFileReference</string>
			<key>lastKnownFileType</key>
			<string>sourcecode.c.objc</string>
			<key>path</key>
			<string>SpotifySearchTableViewController.m</string>
			<key>sourceTree</key>
			<string>&lt;group&gt;</string>
		</dict>
		<key>4241C5F81C77C0F10031F2A9</key>
		<dict>
			<key>fileRef</key>
			<string>4241C5F71C77C0F10031F2A9</string>
			<key>isa</key>
			<string>PBXBuildFile</string>
		</dict>
		<key>4241C5F91C77C0FF0031F2A9</key>
		<dict>
			<key>fileEncoding</key>
			<string>4</string>
			<key>isa</key>
			<string>PBXFileReference</string>
			<key>lastKnownFileType</key>
			<string>sourcecode.c.h</string>
			<key>path</key>
			<string>DurationPositionBarManager.h</string>
			<key>sourceTree</key>
			<string>&lt;group&gt;</string>
		</dict>
		<key>4241C5FA1C77C0FF0031F2A9</key>
		<dict>
			<key>fileEncoding</key>
			<string>4</string>
			<key>isa</key>
			<string>PBXFileReference</string>
			<key>lastKnownFileType</key>
			<string>sourcecode.c.objc</string>
			<key>path</key>
			<string>DurationPositionBarManager.m</string>
			<key>sourceTree</key>
			<string>&lt;group&gt;</string>
		</dict>
		<key>4241C5FB1C77C0FF0031F2A9</key>
		<dict>
			<key>fileRef</key>
			<string>4241C5FA1C77C0FF0031F2A9</string>
			<key>isa</key>
			<string>PBXBuildFile</string>
		</dict>
		<key>4241C5FF1C77C1790031F2A9</key>
		<dict>
			<key>fileEncoding</key>
			<string>4</string>
			<key>isa</key>
			<string>PBXFileReference</string>
			<key>lastKnownFileType</key>
			<string>sourcecode.c.h</string>
			<key>path</key>
			<string>TabBarViewController.h</string>
			<key>sourceTree</key>
			<string>&lt;group&gt;</string>
		</dict>
		<key>4241C6001C77C1790031F2A9</key>
		<dict>
			<key>fileEncoding</key>
			<string>4</string>
			<key>isa</key>
			<string>PBXFileReference</string>
			<key>lastKnownFileType</key>
			<string>sourcecode.c.objc</string>
			<key>path</key>
			<string>TabBarViewController.m</string>
			<key>sourceTree</key>
			<string>&lt;group&gt;</string>
		</dict>
		<key>4241C6011C77C1790031F2A9</key>
		<dict>
			<key>fileRef</key>
			<string>4241C6001C77C1790031F2A9</string>
			<key>isa</key>
			<string>PBXBuildFile</string>
		</dict>
		<key>4241C6021C77C4F40031F2A9</key>
		<dict>
			<key>children</key>
			<array>
				<string>4241C6031C77C4FD0031F2A9</string>
				<string>4241C6041C77C4FD0031F2A9</string>
				<string>4241C6051C77C4FD0031F2A9</string>
				<string>4241C6061C77C4FD0031F2A9</string>
				<string>4241C6071C77C4FD0031F2A9</string>
				<string>4241C6081C77C4FD0031F2A9</string>
			</array>
			<key>isa</key>
			<string>PBXGroup</string>
			<key>name</key>
			<string>Cells</string>
			<key>sourceTree</key>
			<string>&lt;group&gt;</string>
		</dict>
		<key>4241C6031C77C4FD0031F2A9</key>
		<dict>
			<key>fileEncoding</key>
			<string>4</string>
			<key>isa</key>
			<string>PBXFileReference</string>
			<key>lastKnownFileType</key>
			<string>sourcecode.c.h</string>
			<key>path</key>
			<string>PlaylistTableViewCell.h</string>
			<key>sourceTree</key>
			<string>&lt;group&gt;</string>
		</dict>
		<key>4241C6041C77C4FD0031F2A9</key>
		<dict>
			<key>fileEncoding</key>
			<string>4</string>
			<key>isa</key>
			<string>PBXFileReference</string>
			<key>lastKnownFileType</key>
			<string>sourcecode.c.objc</string>
			<key>path</key>
			<string>PlaylistTableViewCell.m</string>
			<key>sourceTree</key>
			<string>&lt;group&gt;</string>
		</dict>
		<key>4241C6051C77C4FD0031F2A9</key>
		<dict>
			<key>fileEncoding</key>
			<string>4</string>
			<key>isa</key>
			<string>PBXFileReference</string>
			<key>lastKnownFileType</key>
			<string>file.xib</string>
			<key>path</key>
			<string>PlaylistTableViewCell.xib</string>
			<key>sourceTree</key>
			<string>&lt;group&gt;</string>
		</dict>
		<key>4241C6061C77C4FD0031F2A9</key>
		<dict>
			<key>fileEncoding</key>
			<string>4</string>
			<key>isa</key>
			<string>PBXFileReference</string>
			<key>lastKnownFileType</key>
			<string>sourcecode.c.h</string>
			<key>path</key>
			<string>TrackTableViewCell.h</string>
			<key>sourceTree</key>
			<string>&lt;group&gt;</string>
		</dict>
		<key>4241C6071C77C4FD0031F2A9</key>
		<dict>
			<key>fileEncoding</key>
			<string>4</string>
			<key>isa</key>
			<string>PBXFileReference</string>
			<key>lastKnownFileType</key>
			<string>sourcecode.c.objc</string>
			<key>path</key>
			<string>TrackTableViewCell.m</string>
			<key>sourceTree</key>
			<string>&lt;group&gt;</string>
		</dict>
		<key>4241C6081C77C4FD0031F2A9</key>
		<dict>
			<key>fileEncoding</key>
			<string>4</string>
			<key>isa</key>
			<string>PBXFileReference</string>
			<key>lastKnownFileType</key>
			<string>file.xib</string>
			<key>path</key>
			<string>TrackTableViewCell.xib</string>
			<key>sourceTree</key>
			<string>&lt;group&gt;</string>
		</dict>
		<key>4241C6091C77C4FD0031F2A9</key>
		<dict>
			<key>fileRef</key>
			<string>4241C6041C77C4FD0031F2A9</string>
			<key>isa</key>
			<string>PBXBuildFile</string>
		</dict>
		<key>4241C60A1C77C4FD0031F2A9</key>
		<dict>
			<key>fileRef</key>
			<string>4241C6051C77C4FD0031F2A9</string>
			<key>isa</key>
			<string>PBXBuildFile</string>
		</dict>
		<key>4241C60B1C77C4FD0031F2A9</key>
		<dict>
			<key>fileRef</key>
			<string>4241C6071C77C4FD0031F2A9</string>
			<key>isa</key>
			<string>PBXBuildFile</string>
		</dict>
		<key>4241C60C1C77C4FD0031F2A9</key>
		<dict>
			<key>fileRef</key>
			<string>4241C6081C77C4FD0031F2A9</string>
			<key>isa</key>
			<string>PBXBuildFile</string>
		</dict>
		<key>426C5C951CCEE5CE00D85B24</key>
		<dict>
			<key>fileEncoding</key>
			<string>4</string>
			<key>isa</key>
			<string>PBXFileReference</string>
			<key>lastKnownFileType</key>
			<string>sourcecode.c.h</string>
			<key>path</key>
			<string>NSArray+stringify.h</string>
			<key>sourceTree</key>
			<string>&lt;group&gt;</string>
		</dict>
		<key>426C5C961CCEE5CE00D85B24</key>
		<dict>
			<key>fileEncoding</key>
			<string>4</string>
			<key>isa</key>
			<string>PBXFileReference</string>
			<key>lastKnownFileType</key>
			<string>sourcecode.c.objc</string>
			<key>path</key>
			<string>NSArray+stringify.m</string>
			<key>sourceTree</key>
			<string>&lt;group&gt;</string>
		</dict>
		<key>426C5C971CCEE5CE00D85B24</key>
		<dict>
			<key>fileRef</key>
			<string>426C5C961CCEE5CE00D85B24</string>
			<key>isa</key>
			<string>PBXBuildFile</string>
		</dict>
		<key>428723E01CDBE97700FE10D0</key>
		<dict>
			<key>fileEncoding</key>
			<string>4</string>
			<key>isa</key>
			<string>PBXFileReference</string>
			<key>lastKnownFileType</key>
			<string>sourcecode.c.h</string>
			<key>path</key>
			<string>SearchTabsNavigationViewController.h</string>
			<key>sourceTree</key>
			<string>&lt;group&gt;</string>
		</dict>
		<key>428723E11CDBE97700FE10D0</key>
		<dict>
			<key>fileEncoding</key>
			<string>4</string>
			<key>isa</key>
			<string>PBXFileReference</string>
			<key>lastKnownFileType</key>
			<string>sourcecode.c.objc</string>
			<key>path</key>
			<string>SearchTabsNavigationViewController.m</string>
			<key>sourceTree</key>
			<string>&lt;group&gt;</string>
		</dict>
		<key>428723E21CDBE97700FE10D0</key>
		<dict>
			<key>fileRef</key>
			<string>428723E11CDBE97700FE10D0</string>
			<key>isa</key>
			<string>PBXBuildFile</string>
		</dict>
		<key>428723E31CDC040700FE10D0</key>
		<dict>
			<key>isa</key>
			<string>PBXFileReference</string>
			<key>lastKnownFileType</key>
			<string>sourcecode.c.h</string>
			<key>path</key>
			<string>kMusicServices.h</string>
			<key>sourceTree</key>
			<string>&lt;group&gt;</string>
		</dict>
		<key>428723E41CDD298700FE10D0</key>
		<dict>
			<key>fileEncoding</key>
			<string>4</string>
			<key>isa</key>
			<string>PBXFileReference</string>
			<key>lastKnownFileType</key>
			<string>sourcecode.c.h</string>
			<key>path</key>
			<string>PlaybackQueue.h</string>
			<key>sourceTree</key>
			<string>&lt;group&gt;</string>
		</dict>
		<key>428723E51CDD298700FE10D0</key>
		<dict>
			<key>fileEncoding</key>
			<string>4</string>
			<key>isa</key>
			<string>PBXFileReference</string>
			<key>lastKnownFileType</key>
			<string>sourcecode.c.objc</string>
			<key>path</key>
			<string>PlaybackQueue.m</string>
			<key>sourceTree</key>
			<string>&lt;group&gt;</string>
		</dict>
		<key>428723E61CDD298700FE10D0</key>
		<dict>
			<key>fileRef</key>
			<string>428723E51CDD298700FE10D0</string>
			<key>isa</key>
			<string>PBXBuildFile</string>
		</dict>
		<key>428723E71CDD339E00FE10D0</key>
		<dict>
			<key>fileEncoding</key>
			<string>4</string>
			<key>isa</key>
			<string>PBXFileReference</string>
			<key>lastKnownFileType</key>
			<string>sourcecode.c.h</string>
			<key>path</key>
			<string>PlaybackQueue+Origin.h</string>
			<key>sourceTree</key>
			<string>&lt;group&gt;</string>
		</dict>
		<key>428723E81CDD339E00FE10D0</key>
		<dict>
			<key>fileEncoding</key>
			<string>4</string>
			<key>isa</key>
			<string>PBXFileReference</string>
			<key>lastKnownFileType</key>
			<string>sourcecode.c.objc</string>
			<key>path</key>
			<string>PlaybackQueue+Origin.m</string>
			<key>sourceTree</key>
			<string>&lt;group&gt;</string>
		</dict>
		<key>428723E91CDD339E00FE10D0</key>
		<dict>
			<key>fileRef</key>
			<string>428723E81CDD339E00FE10D0</string>
			<key>isa</key>
			<string>PBXBuildFile</string>
		</dict>
		<key>428723EA1CDD713900FE10D0</key>
		<dict>
			<key>fileEncoding</key>
			<string>4</string>
			<key>isa</key>
			<string>PBXFileReference</string>
			<key>lastKnownFileType</key>
			<string>sourcecode.c.h</string>
			<key>path</key>
			<string>NSDictionary+TrackHelper.h</string>
			<key>sourceTree</key>
			<string>&lt;group&gt;</string>
		</dict>
		<key>428723EB1CDD713A00FE10D0</key>
		<dict>
			<key>fileEncoding</key>
			<string>4</string>
			<key>isa</key>
			<string>PBXFileReference</string>
			<key>lastKnownFileType</key>
			<string>sourcecode.c.objc</string>
			<key>path</key>
			<string>NSDictionary+TrackHelper.m</string>
			<key>sourceTree</key>
			<string>&lt;group&gt;</string>
		</dict>
		<key>428723EC1CDD713A00FE10D0</key>
		<dict>
			<key>fileRef</key>
			<string>428723EB1CDD713A00FE10D0</string>
			<key>isa</key>
			<string>PBXBuildFile</string>
		</dict>
		<key>428723ED1CDD72BA00FE10D0</key>
		<dict>
			<key>fileEncoding</key>
			<string>4</string>
			<key>isa</key>
			<string>PBXFileReference</string>
			<key>lastKnownFileType</key>
			<string>sourcecode.c.h</string>
			<key>path</key>
			<string>SPTPartialTrack+Helper.h</string>
			<key>sourceTree</key>
			<string>&lt;group&gt;</string>
		</dict>
		<key>428723EE1CDD72BA00FE10D0</key>
		<dict>
			<key>fileEncoding</key>
			<string>4</string>
			<key>isa</key>
			<string>PBXFileReference</string>
			<key>lastKnownFileType</key>
			<string>sourcecode.c.objc</string>
			<key>path</key>
			<string>SPTPartialTrack+Helper.m</string>
			<key>sourceTree</key>
			<string>&lt;group&gt;</string>
		</dict>
		<key>428723EF1CDD72BA00FE10D0</key>
		<dict>
			<key>fileRef</key>
			<string>428723EE1CDD72BA00FE10D0</string>
			<key>isa</key>
			<string>PBXBuildFile</string>
		</dict>
		<key>42FA92C61CCED96C006819A1</key>
		<dict>
			<key>fileEncoding</key>
			<string>4</string>
			<key>isa</key>
			<string>PBXFileReference</string>
			<key>lastKnownFileType</key>
			<string>sourcecode.c.h</string>
			<key>path</key>
			<string>SoundCloud.h</string>
			<key>sourceTree</key>
			<string>&lt;group&gt;</string>
		</dict>
		<key>42FA92C71CCED96C006819A1</key>
		<dict>
			<key>fileEncoding</key>
			<string>4</string>
			<key>isa</key>
			<string>PBXFileReference</string>
			<key>lastKnownFileType</key>
			<string>sourcecode.c.objc</string>
			<key>path</key>
			<string>SoundCloud.m</string>
			<key>sourceTree</key>
			<string>&lt;group&gt;</string>
		</dict>
		<key>42FA92C81CCED96C006819A1</key>
		<dict>
			<key>fileRef</key>
			<string>42FA92C71CCED96C006819A1</string>
			<key>isa</key>
			<string>PBXBuildFile</string>
		</dict>
		<key>42FA92C91CCEDBD8006819A1</key>
		<dict>
			<key>isa</key>
			<string>PBXFileReference</string>
			<key>lastKnownFileType</key>
			<string>sourcecode.c.h</string>
			<key>path</key>
			<string>kSoundcloud.h</string>
			<key>sourceTree</key>
			<string>&lt;group&gt;</string>
		</dict>
		<key>44F2B0576C019D645C863CC2</key>
		<dict>
			<key>buildActionMask</key>
			<string>2147483647</string>
			<key>files</key>
			<array/>
			<key>inputPaths</key>
			<array/>
			<key>isa</key>
			<string>PBXShellScriptBuildPhase</string>
			<key>name</key>
			<string>[CP] Copy Pods Resources</string>
			<key>outputPaths</key>
			<array/>
			<key>runOnlyForDeploymentPostprocessing</key>
			<string>0</string>
			<key>shellPath</key>
			<string>/bin/sh</string>
			<key>shellScript</key>
			<string>"${SRCROOT}/Pods/Target Support Files/Pods-WHMusicPlayer/Pods-WHMusicPlayer-resources.sh"
</string>
			<key>showEnvVarsInLog</key>
			<string>0</string>
		</dict>
		<key>68A03EE1F918A0FC4A28FF5B</key>
		<dict>
			<key>explicitFileType</key>
			<string>archive.ar</string>
			<key>includeInIndex</key>
			<string>0</string>
			<key>isa</key>
			<string>PBXFileReference</string>
			<key>path</key>
			<string>libPods-WHMusicPlayerTests.a</string>
			<key>sourceTree</key>
			<string>BUILT_PRODUCTS_DIR</string>
		</dict>
		<key>6CC112D140C5F1304A29685D</key>
		<dict>
			<key>fileRef</key>
			<string>9CD90A1E01D8CCADB99D41D5</string>
			<key>isa</key>
			<string>PBXBuildFile</string>
		</dict>
		<key>7AFC401C544F061173DBDB11</key>
		<dict>
			<key>includeInIndex</key>
			<string>1</string>
			<key>isa</key>
			<string>PBXFileReference</string>
			<key>lastKnownFileType</key>
			<string>text.xcconfig</string>
			<key>name</key>
			<string>Pods-WHMusicPlayer.debug.xcconfig</string>
			<key>path</key>
			<string>Pods/Target Support Files/Pods-WHMusicPlayer/Pods-WHMusicPlayer.debug.xcconfig</string>
			<key>sourceTree</key>
			<string>&lt;group&gt;</string>
		</dict>
		<key>87CFB57075B2960C68BFE829</key>
		<dict>
			<key>buildActionMask</key>
			<string>2147483647</string>
			<key>files</key>
			<array/>
			<key>inputPaths</key>
			<array/>
			<key>isa</key>
			<string>PBXShellScriptBuildPhase</string>
			<key>name</key>
			<string>[CP] Embed Pods Frameworks</string>
			<key>outputPaths</key>
			<array/>
			<key>runOnlyForDeploymentPostprocessing</key>
			<string>0</string>
			<key>shellPath</key>
			<string>/bin/sh</string>
			<key>shellScript</key>
			<string>"${SRCROOT}/Pods/Target Support Files/Pods-WHMusicPlayerTests/Pods-WHMusicPlayerTests-frameworks.sh"
</string>
			<key>showEnvVarsInLog</key>
			<string>0</string>
		</dict>
		<key>8F22FD8CD83589EEBD4D7739</key>
		<dict>
			<key>buildActionMask</key>
			<string>2147483647</string>
			<key>files</key>
			<array/>
			<key>inputPaths</key>
			<array/>
			<key>isa</key>
			<string>PBXShellScriptBuildPhase</string>
			<key>name</key>
			<string>[CP] Embed Pods Frameworks</string>
			<key>outputPaths</key>
			<array/>
			<key>runOnlyForDeploymentPostprocessing</key>
			<string>0</string>
			<key>shellPath</key>
			<string>/bin/sh</string>
			<key>shellScript</key>
			<string>"${SRCROOT}/Pods/Target Support Files/Pods-WHMusicPlayerUITests/Pods-WHMusicPlayerUITests-frameworks.sh"
</string>
			<key>showEnvVarsInLog</key>
			<string>0</string>
		</dict>
		<key>951D6BF3ACD2F71F1F17DD9D</key>
		<dict>
			<key>buildActionMask</key>
			<string>2147483647</string>
			<key>files</key>
			<array/>
			<key>inputPaths</key>
			<array/>
			<key>isa</key>
			<string>PBXShellScriptBuildPhase</string>
			<key>name</key>
			<string>[CP] Check Pods Manifest.lock</string>
			<key>outputPaths</key>
			<array/>
			<key>runOnlyForDeploymentPostprocessing</key>
			<string>0</string>
			<key>shellPath</key>
			<string>/bin/sh</string>
			<key>shellScript</key>
			<string>diff "${PODS_ROOT}/../Podfile.lock" "${PODS_ROOT}/Manifest.lock" &gt; /dev/null
if [ $? != 0 ] ; then
    # print error to STDERR
    echo "error: The sandbox is not in sync with the Podfile.lock. Run 'pod install' or update your CocoaPods installation." &gt;&amp;2
    exit 1
fi
</string>
			<key>showEnvVarsInLog</key>
			<string>0</string>
		</dict>
		<key>953432DE11F3BFA27A1DF5F4</key>
		<dict>
			<key>fileRef</key>
			<string>BF3494AEFE5ED1084BE0106A</string>
			<key>isa</key>
			<string>PBXBuildFile</string>
		</dict>
		<key>98C744758159790508F4240B</key>
		<dict>
			<key>buildActionMask</key>
			<string>2147483647</string>
			<key>files</key>
			<array/>
			<key>inputPaths</key>
			<array/>
			<key>isa</key>
			<string>PBXShellScriptBuildPhase</string>
			<key>name</key>
			<string>[CP] Check Pods Manifest.lock</string>
			<key>outputPaths</key>
			<array/>
			<key>runOnlyForDeploymentPostprocessing</key>
			<string>0</string>
			<key>shellPath</key>
			<string>/bin/sh</string>
			<key>shellScript</key>
			<string>diff "${PODS_ROOT}/../Podfile.lock" "${PODS_ROOT}/Manifest.lock" &gt; /dev/null
if [ $? != 0 ] ; then
    # print error to STDERR
    echo "error: The sandbox is not in sync with the Podfile.lock. Run 'pod install' or update your CocoaPods installation." &gt;&amp;2
    exit 1
fi
</string>
			<key>showEnvVarsInLog</key>
			<string>0</string>
		</dict>
		<key>9CD90A1E01D8CCADB99D41D5</key>
		<dict>
			<key>explicitFileType</key>
			<string>archive.ar</string>
			<key>includeInIndex</key>
			<string>0</string>
			<key>isa</key>
			<string>PBXFileReference</string>
			<key>path</key>
			<string>libPods-WHMusicPlayerUITests.a</string>
			<key>sourceTree</key>
			<string>BUILT_PRODUCTS_DIR</string>
		</dict>
		<key>A00DAAB0CA0D9076A155FE33</key>
		<dict>
			<key>includeInIndex</key>
			<string>1</string>
			<key>isa</key>
			<string>PBXFileReference</string>
			<key>lastKnownFileType</key>
			<string>text.xcconfig</string>
			<key>name</key>
			<string>Pods-WHMusicPlayerUITests.debug.xcconfig</string>
			<key>path</key>
			<string>Pods/Target Support Files/Pods-WHMusicPlayerUITests/Pods-WHMusicPlayerUITests.debug.xcconfig</string>
			<key>sourceTree</key>
			<string>&lt;group&gt;</string>
		</dict>
		<key>B505C438632E5E4144E6A49D</key>
		<dict>
			<key>includeInIndex</key>
			<string>1</string>
			<key>isa</key>
			<string>PBXFileReference</string>
			<key>lastKnownFileType</key>
			<string>text.xcconfig</string>
			<key>name</key>
			<string>Pods-WHMusicPlayer.release.xcconfig</string>
			<key>path</key>
			<string>Pods/Target Support Files/Pods-WHMusicPlayer/Pods-WHMusicPlayer.release.xcconfig</string>
			<key>sourceTree</key>
			<string>&lt;group&gt;</string>
		</dict>
		<key>BF3494AEFE5ED1084BE0106A</key>
		<dict>
			<key>explicitFileType</key>
			<string>archive.ar</string>
			<key>includeInIndex</key>
			<string>0</string>
			<key>isa</key>
			<string>PBXFileReference</string>
			<key>path</key>
			<string>libPods-WHMusicPlayer.a</string>
			<key>sourceTree</key>
			<string>BUILT_PRODUCTS_DIR</string>
		</dict>
		<key>CB355E617CDEBEBFF34C45B9</key>
		<dict>
			<key>includeInIndex</key>
			<string>1</string>
			<key>isa</key>
			<string>PBXFileReference</string>
			<key>lastKnownFileType</key>
			<string>text.xcconfig</string>
			<key>name</key>
			<string>Pods-WHMusicPlayerTests.release.xcconfig</string>
			<key>path</key>
			<string>Pods/Target Support Files/Pods-WHMusicPlayerTests/Pods-WHMusicPlayerTests.release.xcconfig</string>
			<key>sourceTree</key>
			<string>&lt;group&gt;</string>
		</dict>
		<key>D0D497D61B853D1F61DDA1D0</key>
		<dict>
			<key>children</key>
			<array>
				<string>7AFC401C544F061173DBDB11</string>
				<string>B505C438632E5E4144E6A49D</string>
				<string>3163E6C3500BF8D46607F0D2</string>
				<string>CB355E617CDEBEBFF34C45B9</string>
				<string>A00DAAB0CA0D9076A155FE33</string>
				<string>3D10352BC87AEA87A90F942C</string>
			</array>
			<key>isa</key>
			<string>PBXGroup</string>
			<key>name</key>
			<string>Pods</string>
			<key>sourceTree</key>
			<string>&lt;group&gt;</string>
		</dict>
		<key>D3F349968A80F26753276453</key>
		<dict>
			<key>fileRef</key>
			<string>68A03EE1F918A0FC4A28FF5B</string>
			<key>isa</key>
			<string>PBXBuildFile</string>
		</dict>
		<key>EA5BF54F50C0BBF2300BF11B</key>
		<dict>
			<key>buildActionMask</key>
			<string>2147483647</string>
			<key>files</key>
			<array/>
			<key>inputPaths</key>
			<array/>
			<key>isa</key>
			<string>PBXShellScriptBuildPhase</string>
			<key>name</key>
			<string>[CP] Embed Pods Frameworks</string>
			<key>outputPaths</key>
			<array/>
			<key>runOnlyForDeploymentPostprocessing</key>
			<string>0</string>
			<key>shellPath</key>
			<string>/bin/sh</string>
			<key>shellScript</key>
			<string>"${SRCROOT}/Pods/Target Support Files/Pods-WHMusicPlayer/Pods-WHMusicPlayer-frameworks.sh"
</string>
			<key>showEnvVarsInLog</key>
			<string>0</string>
		</dict>
		<key>EBF6A1E20D353140E538A61E</key>
		<dict>
			<key>buildActionMask</key>
			<string>2147483647</string>
			<key>files</key>
			<array/>
			<key>inputPaths</key>
			<array/>
			<key>isa</key>
			<string>PBXShellScriptBuildPhase</string>
			<key>name</key>
			<string>[CP] Copy Pods Resources</string>
			<key>outputPaths</key>
			<array/>
			<key>runOnlyForDeploymentPostprocessing</key>
			<string>0</string>
			<key>shellPath</key>
			<string>/bin/sh</string>
			<key>shellScript</key>
			<string>"${SRCROOT}/Pods/Target Support Files/Pods-WHMusicPlayerTests/Pods-WHMusicPlayerTests-resources.sh"
</string>
			<key>showEnvVarsInLog</key>
			<string>0</string>
		</dict>
	</dict>
	<key>rootObject</key>
	<string>4241C5911C77A7D50031F2A9</string>
</dict>
</plist>
